{
  "version": 4,
  "terraform_version": "1.12.2",
  "serial": 36,
  "lineage": "f64d1857-1d6d-6651-cb19-ed5660fbe038",
  "outputs": {
    "ec2_public_ip": {
      "value": "13.220.247.193",
      "type": "string"
    },
    "private_key_pem": {
      "value": "-----BEGIN RSA PRIVATE KEY-----\nMIIJKQIBAAKCAgEAsjnUAqrBRGTtH06txadpjYmZgXPPToouy0RX53djBReocTxh\nhFoolUgRexruhcWddyA3L4TML9XExrRuqOWktl5p9ZmArEpTkxqNqU7sysOqsnwt\n9g2dGhngbU172wvPEeP4RbFYrgyg09h0ZeMXf5wDWMtBeZ1XqNHacz7cb/WCnuAs\nwyk3uygF/sO+zSVCT/BAaaPTX6OhKOm+8nx5XS1el6GuT7C6Kiuk/byXHG9HdtOJ\neJEnPyXG7kZfOAntGg9CQ+pA2RxFBksabEiz4MfWskhdra6iUNIrzpiQQxtZcLPr\nFSzEdl339IObjqievFH8YY77exaCR+5nsI63RzQeP7U84mO0j64gbydb+UHdEn6E\nvb434TYJUrw+Jf7NcLmxUkwURHqx+nRdE1isETMJJ341uPR/Fk3aSFCYXJKp3pxQ\nWRU8fWBlsoL4wk72lD2bz/LzayhUsyVSbLQPPXmfGuFTuV82++eVeB+o3CEdkXvP\nBcbf95PcWET/KfFWCcOScHC6Z6qHs6+I1kLloyfOlK5Et7xfp7u+6O4aP0jUxvvT\nRcudpHyFr8V1QmiaOniS+4tkK/9zsfwU88Y8ISczHC6zrFICz6ExZKi66PSnezYt\nTTCU6666LyD1xFR/IitOwZyfvKoIMdoVq4K+Z6rSLyu+x9Dlqe0l9t/qzeECAwEA\nAQKCAgACGC2L0Ho6oF2sV1jccJthce4EuESF6ELPhGCXaZmXduU1sMohQOFRi8oa\nImwOKg8v1gg//eAGaeKI8ULhp5KNdW4/rXZL0Ah2Ze1R7DRaglJ7DCbgHt3V74WU\nfety3LXUwH3rl79yitcdq4wGodS7XQJ/DyMYV5yERom6KVF0MV7qbg5TRs85sFPj\nCrrZyf0jAlryGDOaNUqQuAUp8AOJxZ2Ny5/ISPaPG08yOilOc2epbP1PFj7vU4rT\nGa7xx3q//9DoCmneWKIzsOXrwtj2Tx2Qn8rAs+4tY/g8J80o32U9g/0YanEZRlZt\nIFokzYomrWdOtYbytduBwTqlDQWjWAkOBpa19biz8rn7pcyGzvWGU//lCMeKM188\n13gxDxY0pBDcyCcsDQtUndYBMEuNk3pBuJhRKQqI8Glx49+Hdshbn4lGRN3mv6Z+\n2IWq2k8/Y3hUQMD3XGHqj7irF5jXO6/v3EYS3y6Fc3ZDbycwVSYK+WbuMb2fUduP\n0mO7B5VYnNFsTtrfbl/GN+NRzkauxrbSZwss4kGytOVtAL5vjbvNBOAsNDix6wrK\nmCHCDplvNUS8lmPuA0m76Pf+7SYY2HXlCN5TnD5S9o4wZvF1oEeqO4oiXTxCRx0T\nE/3VabgVekFaCuf2xy9IjNKPh17h1ADBcm6bCEf4Jo234VY1/wKCAQEA6Uw4kfrX\n1ctyBbX17k6pZim/Mr32XiFs8JR6EkpSLqqdVFnhB4g3Iy6zzogHwQ0ffNvv2tMx\nQ5XRPbUnwsHkFcw+eRGURktYJVKn1z/9hDqu04BHoRnpLWqlfzsgFod3zfFKhzEc\ngfPa4ibhTmjeIsFVo1/MY2zlSW46T6Jsh1U3ASlIBzHJc9/O2Tu4O8oRM6ATy9WA\nyhLQGqFqHh/C++7NbfX1PaerNwjSP3+uTF/KJwwbvDyJNL1zwwQwe4v2HDCayBpQ\nhLjyz55mpmeZoe/vr81H9uCTAxyKT1ufRNDJPHPhhLXhEBv1aTL1UV0yFfwehV+S\n6ME2t7VF33kMzwKCAQEAw5GwY+K9BJO+nb8qWfTmjIj11FEnqCMz3wsvLx8HhNDe\nt8ZKpjs2Uh+A+7dX1TMuFi8I7jd0ke77grGhTplA0ZMzQgaab7Wbtmw8W6pZ4QbJ\nFqjIKuLxYgfuooZFRRR8wYFP+jSf4brNfBTSSd5iJ3PZMpnLTwNBcTGPtZSNxvL2\ntuA5cC1Hw5QkGsMb1dyQU329s8MrK0det4IF7iLT/xxZK4XB4ZeG52fS21LAstyZ\n2xoB1mgKwmAWNnAHcK8sPh5tpYX51S1Rlb9vwVUrny6YCFSj4HiCwsQxgsxeRWtc\nFr5pdApQ4zISacH2+jtON4QXPEPLvcLqJLKjd00GTwKCAQEA11avcK8kwgZDfNnz\n4r9gxRgLj36gBUq9D2M9Ody39rMs/Uro1tb4bdURyrTs01iVk94+irEda9DBjj/E\nL5RgP26Cy6VaQ3gQKIMewSQjkQXJkRd7BkywWmdx0vp0J9dq0gDCVf8S3TCE/PH+\nTS2mvFXQAjjOo4dELH89+3tkyZXya3P7NAjUdcxDVWg2KZnePtSm8SJk+iBbTfln\nxd5zT6+glrrMXtiAxQ+zYUEtVPml0lzuzNTjoHauf3dCeQc7Z9HFTKZdY+SC2vjO\nrxI5UKvzhUXqAwpPKDQTxiQ/4nkFBnO/2Ys37nKgFzYeEbgAHyLT2S/anlSZeQAt\nOpS1KQKCAQBnKRCMf+wI4A5qk445iW+brhtOdcifboJMI1AuYQXMT4lME3MJIK7U\nvv2AygOw2KB03zaswd/hothU5nIaTcjdQ/KD34vTZU7P+WQVTlS+2J92Lm34AWIm\nvdxpKr6bY+UzBY00hFHZ9nmx/CG5CW9pNDjb8jhGY4c/uE8AD26CBWOSr9BcleYH\nCrvIyiaCtygCgo9wpYC+AZW64wFRzllZdpCq3pGY+B8XLbMSMiKntqoJ4zwY5yTV\nx22wJYQnMp/53H8mEvfoNVGV1jeTGeQ6wY88xbj0DV2cc3VSc48+uxUGgkaKCW8F\niUIhO0mWUXY+3pSLG4/7dzefSAPmSGENAoIBAQDigl+pDZqu6mX4HTfRqx2pGSdN\nxxKx60zajcWHRjWmBlbIWB6KegbOlG4IwHNPUKlgEHg791Z0ckubnnIeA6EVDS7+\n2RjT5Fjk4sMJVZB0gye73yxc/ss+hwVs6aK8HVKFihKJyZ9qSKIFj8sGxea+eJz4\nsWp37K2kPcnijLZQvc5TyoTSyJCwJ07pbM951yfRCbAUiANPegxjdKK1xwC+nhsc\nyamEkTbtGVoGu3JIeTc1wSOlxXczbIwh8YpkDkVDELtwRNuhASVJOJ8TQUNtfxJL\naUEw2MrYg9AlH0uKJVQIgce74+Qm4tADufFyPcnhc5FmDPLjbQFsnwp1LvAg\n-----END RSA PRIVATE KEY-----\n",
      "type": "string",
      "sensitive": true
    }
  },
  "resources": [
    {
      "mode": "managed",
      "type": "aws_ecr_repository",
      "name": "langflow_repo",
      "provider": "provider[\"registry.terraform.io/hashicorp/aws\"]",
      "instances": [
        {
          "schema_version": 0,
          "attributes": {
            "arn": "arn:aws:ecr:us-east-1:591098699538:repository/langflow-ecr",
            "encryption_configuration": [
              {
                "encryption_type": "AES256",
                "kms_key": ""
              }
            ],
            "force_delete": null,
            "id": "langflow-ecr",
            "image_scanning_configuration": [
              {
                "scan_on_push": false
              }
            ],
            "image_tag_mutability": "MUTABLE",
            "name": "langflow-ecr",
            "region": "us-east-1",
            "registry_id": "591098699538",
            "repository_url": "591098699538.dkr.ecr.us-east-1.amazonaws.com/langflow-ecr",
            "tags": null,
            "tags_all": {},
            "timeouts": null
          },
          "sensitive_attributes": [],
          "identity_schema_version": 0,
          "private": "eyJlMmJmYjczMC1lY2FhLTExZTYtOGY4OC0zNDM2M2JjN2M0YzAiOnsiZGVsZXRlIjoxMjAwMDAwMDAwMDAwfX0="
        }
      ]
    },
    {
      "mode": "managed",
      "type": "aws_ecs_cluster",
      "name": "langflow_cluster",
      "provider": "provider[\"registry.terraform.io/hashicorp/aws\"]",
      "instances": [
        {
          "schema_version": 0,
          "attributes": {
            "arn": "arn:aws:ecs:us-east-1:591098699538:cluster/langflow-cluster",
            "configuration": [],
            "id": "arn:aws:ecs:us-east-1:591098699538:cluster/langflow-cluster",
            "name": "langflow-cluster",
            "region": "us-east-1",
            "service_connect_defaults": [],
            "setting": [
              {
                "name": "containerInsights",
                "value": "disabled"
              }
            ],
            "tags": null,
            "tags_all": {}
          },
          "sensitive_attributes": [],
          "identity_schema_version": 0,
          "private": "bnVsbA=="
        }
      ]
    },
    {
      "mode": "managed",
      "type": "aws_ecs_service",
      "name": "langflow_service",
      "provider": "provider[\"registry.terraform.io/hashicorp/aws\"]",
      "instances": [
        {
          "schema_version": 1,
          "attributes": {
            "alarms": [],
            "arn": "arn:aws:ecs:us-east-1:591098699538:service/langflow-cluster/langflow-service",
            "availability_zone_rebalancing": "DISABLED",
            "capacity_provider_strategy": [],
            "cluster": "arn:aws:ecs:us-east-1:591098699538:cluster/langflow-cluster",
            "deployment_circuit_breaker": [
              {
                "enable": false,
                "rollback": false
              }
            ],
            "deployment_configuration": [],
            "deployment_controller": [
              {
                "type": "ECS"
              }
            ],
            "deployment_maximum_percent": 200,
            "deployment_minimum_healthy_percent": 100,
            "desired_count": 1,
            "enable_ecs_managed_tags": false,
            "enable_execute_command": false,
            "force_delete": null,
            "force_new_deployment": null,
            "health_check_grace_period_seconds": 0,
            "iam_role": "/aws-service-role/ecs.amazonaws.com/AWSServiceRoleForECS",
            "id": "arn:aws:ecs:us-east-1:591098699538:service/langflow-cluster/langflow-service",
            "launch_type": "FARGATE",
            "load_balancer": [],
            "name": "langflow-service",
            "network_configuration": [
              {
                "assign_public_ip": true,
                "security_groups": [
                  "sg-03f3ef52f96a2db40"
                ],
                "subnets": [
                  "subnet-02fd920a528e517f9"
                ]
              }
            ],
            "ordered_placement_strategy": [],
            "placement_constraints": [],
            "platform_version": "LATEST",
            "propagate_tags": "NONE",
            "region": "us-east-1",
            "scheduling_strategy": "REPLICA",
            "service_connect_configuration": [],
            "service_registries": [],
            "tags": null,
            "tags_all": {},
            "task_definition": "arn:aws:ecs:us-east-1:591098699538:task-definition/langflow-task:1",
            "timeouts": null,
            "triggers": {},
            "volume_configuration": [],
            "vpc_lattice_configurations": [],
            "wait_for_steady_state": false
          },
          "sensitive_attributes": [],
          "identity_schema_version": 0,
          "private": "eyJlMmJmYjczMC1lY2FhLTExZTYtOGY4OC0zNDM2M2JjN2M0YzAiOnsiY3JlYXRlIjoxMjAwMDAwMDAwMDAwLCJkZWxldGUiOjEyMDAwMDAwMDAwMDAsInVwZGF0ZSI6MTIwMDAwMDAwMDAwMH0sInNjaGVtYV92ZXJzaW9uIjoiMSJ9",
          "dependencies": [
            "aws_ecs_cluster.langflow_cluster",
            "aws_ecs_task_definition.langflow_task",
            "aws_iam_policy_attachment.ecs_execution_attach",
            "aws_iam_role.ecs_task_execution_role",
            "aws_security_group.ecs_sg",
            "aws_subnet.public",
            "aws_vpc.main"
          ]
        }
      ]
    },
    {
      "mode": "managed",
      "type": "aws_ecs_task_definition",
      "name": "langflow_task",
      "provider": "provider[\"registry.terraform.io/hashicorp/aws\"]",
      "instances": [
        {
          "schema_version": 1,
          "attributes": {
            "arn": "arn:aws:ecs:us-east-1:591098699538:task-definition/langflow-task:1",
            "arn_without_revision": "arn:aws:ecs:us-east-1:591098699538:task-definition/langflow-task",
            "container_definitions": "[{\"environment\":[],\"essential\":true,\"image\":\"nginx\",\"mountPoints\":[],\"name\":\"langflow-container\",\"portMappings\":[{\"containerPort\":80,\"hostPort\":80,\"protocol\":\"tcp\"}],\"systemControls\":[],\"volumesFrom\":[]}]",
            "cpu": "256",
            "enable_fault_injection": false,
            "ephemeral_storage": [],
            "execution_role_arn": "arn:aws:iam::591098699538:role/ecsTaskExecutionRole",
            "family": "langflow-task",
            "id": "langflow-task",
            "ipc_mode": "",
            "memory": "512",
            "network_mode": "awsvpc",
            "pid_mode": "",
            "placement_constraints": [],
            "proxy_configuration": [],
            "region": "us-east-1",
            "requires_compatibilities": [
              "FARGATE"
            ],
            "revision": 1,
            "runtime_platform": [],
            "skip_destroy": false,
            "tags": null,
            "tags_all": {},
            "task_role_arn": "",
            "track_latest": false,
            "volume": []
          },
          "sensitive_attributes": [],
          "identity_schema_version": 0,
          "private": "eyJzY2hlbWFfdmVyc2lvbiI6IjEifQ==",
          "dependencies": [
            "aws_iam_role.ecs_task_execution_role"
          ]
        }
      ]
    },
    {
      "mode": "managed",
      "type": "aws_iam_policy_attachment",
      "name": "ecs_execution_attach",
      "provider": "provider[\"registry.terraform.io/hashicorp/aws\"]",
      "instances": [
        {
          "schema_version": 0,
          "attributes": {
            "groups": null,
            "id": "ecs-task-execution-policy",
            "name": "ecs-task-execution-policy",
            "policy_arn": "arn:aws:iam::aws:policy/service-role/AmazonECSTaskExecutionRolePolicy",
            "roles": [
              "ecsTaskExecutionRole"
            ],
            "users": null
          },
          "sensitive_attributes": [],
          "identity_schema_version": 0,
          "private": "bnVsbA==",
          "dependencies": [
            "aws_iam_role.ecs_task_execution_role"
          ]
        }
      ]
    },
    {
      "mode": "managed",
      "type": "aws_iam_role",
      "name": "ecs_task_execution_role",
      "provider": "provider[\"registry.terraform.io/hashicorp/aws\"]",
      "instances": [
        {
          "schema_version": 0,
          "attributes": {
            "arn": "arn:aws:iam::591098699538:role/ecsTaskExecutionRole",
            "assume_role_policy": "{\"Statement\":[{\"Action\":\"sts:AssumeRole\",\"Effect\":\"Allow\",\"Principal\":{\"Service\":\"ecs-tasks.amazonaws.com\"}}],\"Version\":\"2012-10-17\"}",
            "create_date": "2025-07-18T15:59:07Z",
            "description": "",
            "force_detach_policies": false,
            "id": "ecsTaskExecutionRole",
            "inline_policy": [],
            "managed_policy_arns": [],
            "max_session_duration": 3600,
            "name": "ecsTaskExecutionRole",
            "name_prefix": "",
            "path": "/",
            "permissions_boundary": "",
            "tags": null,
            "tags_all": {},
            "unique_id": "AROAYTIB2L4JNK3UCV3IX"
          },
          "sensitive_attributes": [],
          "identity_schema_version": 0,
          "identity": {
            "account_id": "591098699538",
            "name": "ecsTaskExecutionRole"
          },
          "private": "bnVsbA=="
        }
      ]
    },
    {
      "mode": "managed",
      "type": "aws_instance",
      "name": "langflow_ec2",
      "provider": "provider[\"registry.terraform.io/hashicorp/aws\"]",
      "instances": [
        {
          "schema_version": 2,
          "attributes": {
            "ami": "ami-053b0d53c279acc90",
            "arn": "arn:aws:ec2:us-east-1:591098699538:instance/i-0290967bc7b9e4977",
            "associate_public_ip_address": true,
            "availability_zone": "us-east-1a",
            "capacity_reservation_specification": [
              {
                "capacity_reservation_preference": "open",
                "capacity_reservation_target": []
              }
            ],
            "cpu_options": [
              {
                "amd_sev_snp": "",
                "core_count": 1,
                "threads_per_core": 2
              }
            ],
            "credit_specification": [
              {
                "cpu_credits": "unlimited"
              }
            ],
            "disable_api_stop": false,
            "disable_api_termination": false,
            "ebs_block_device": [],
            "ebs_optimized": false,
            "enable_primary_ipv6": null,
            "enclave_options": [
              {
                "enabled": false
              }
            ],
            "ephemeral_block_device": [],
            "get_password_data": false,
            "hibernation": false,
            "host_id": "",
            "host_resource_group_arn": null,
            "iam_instance_profile": "",
            "id": "i-0290967bc7b9e4977",
            "instance_initiated_shutdown_behavior": "stop",
            "instance_lifecycle": "",
            "instance_market_options": [],
            "instance_state": "running",
            "instance_type": "t3.micro",
            "ipv6_address_count": 0,
            "ipv6_addresses": [],
            "key_name": "langflow-key",
            "launch_template": [],
            "maintenance_options": [
              {
                "auto_recovery": "default"
              }
            ],
            "metadata_options": [
              {
                "http_endpoint": "enabled",
                "http_protocol_ipv6": "disabled",
                "http_put_response_hop_limit": 1,
                "http_tokens": "optional",
                "instance_metadata_tags": "disabled"
              }
            ],
            "monitoring": false,
            "network_interface": [],
            "outpost_arn": "",
            "password_data": "",
            "placement_group": "",
            "placement_partition_number": 0,
            "primary_network_interface_id": "eni-0319e50fd8626b47a",
            "private_dns": "ip-10-0-1-66.ec2.internal",
            "private_dns_name_options": [
              {
                "enable_resource_name_dns_a_record": false,
                "enable_resource_name_dns_aaaa_record": false,
                "hostname_type": "ip-name"
              }
            ],
            "private_ip": "10.0.1.66",
            "public_dns": "ec2-13-220-247-193.compute-1.amazonaws.com",
            "public_ip": "13.220.247.193",
            "region": "us-east-1",
            "root_block_device": [
              {
                "delete_on_termination": true,
                "device_name": "/dev/sda1",
                "encrypted": false,
                "iops": 100,
                "kms_key_id": "",
                "tags": {},
                "tags_all": {},
                "throughput": 0,
                "volume_id": "vol-0e77b485dcd852c00",
                "volume_size": 8,
                "volume_type": "gp2"
              }
            ],
            "secondary_private_ips": [],
            "security_groups": [],
            "source_dest_check": true,
            "spot_instance_request_id": "",
            "subnet_id": "subnet-02fd920a528e517f9",
            "tags": {
              "Name": "LangflowEC2"
            },
            "tags_all": {
              "Name": "LangflowEC2"
            },
            "tenancy": "default",
            "timeouts": null,
            "user_data": null,
            "user_data_base64": null,
            "user_data_replace_on_change": false,
            "volume_tags": null,
            "vpc_security_group_ids": [
              "sg-0d3bb17d85e045a5c"
            ]
          },
          "sensitive_attributes": [],
          "identity_schema_version": 0,
          "private": "eyJlMmJmYjczMC1lY2FhLTExZTYtOGY4OC0zNDM2M2JjN2M0YzAiOnsiY3JlYXRlIjo2MDAwMDAwMDAwMDAsImRlbGV0ZSI6MTIwMDAwMDAwMDAwMCwicmVhZCI6OTAwMDAwMDAwMDAwLCJ1cGRhdGUiOjYwMDAwMDAwMDAwMH0sInNjaGVtYV92ZXJzaW9uIjoiMiJ9",
          "dependencies": [
            "aws_key_pair.langflow_key",
            "aws_security_group.langflow_sg",
            "aws_subnet.public",
            "aws_vpc.main",
            "tls_private_key.langflow_key"
          ]
        }
      ]
    },
    {
      "mode": "managed",
      "type": "aws_internet_gateway",
      "name": "igw",
      "provider": "provider[\"registry.terraform.io/hashicorp/aws\"]",
      "instances": [
        {
          "schema_version": 0,
          "attributes": {
            "arn": "arn:aws:ec2:us-east-1:591098699538:internet-gateway/igw-08c028bfffbc30ad3",
            "id": "igw-08c028bfffbc30ad3",
            "owner_id": "591098699538",
            "region": "us-east-1",
            "tags": {},
            "tags_all": {},
            "timeouts": null,
            "vpc_id": "vpc-07a9bf9507c57b1c2"
          },
          "sensitive_attributes": [],
          "identity_schema_version": 0,
          "private": "eyJlMmJmYjczMC1lY2FhLTExZTYtOGY4OC0zNDM2M2JjN2M0YzAiOnsiY3JlYXRlIjoxMjAwMDAwMDAwMDAwLCJkZWxldGUiOjEyMDAwMDAwMDAwMDAsInVwZGF0ZSI6MTIwMDAwMDAwMDAwMH19",
          "dependencies": [
            "aws_vpc.main"
          ]
        }
      ]
    },
    {
      "mode": "managed",
      "type": "aws_key_pair",
      "name": "langflow_key",
      "provider": "provider[\"registry.terraform.io/hashicorp/aws\"]",
      "instances": [
        {
          "schema_version": 1,
          "attributes": {
            "arn": "arn:aws:ec2:us-east-1:591098699538:key-pair/langflow-key",
            "fingerprint": "3f:af:cf:eb:04:c5:2a:70:d7:5d:cb:d8:34:c3:ff:cb",
            "id": "langflow-key",
            "key_name": "langflow-key",
            "key_name_prefix": "",
            "key_pair_id": "key-02911c66fd82ea012",
            "key_type": "rsa",
            "public_key": "ssh-rsa AAAAB3NzaC1yc2EAAAADAQABAAACAQCyOdQCqsFEZO0fTq3Fp2mNiZmBc89Oii7LRFfnd2MFF6hxPGGEWiiVSBF7Gu6FxZ13IDcvhMwv1cTGtG6o5aS2Xmn1mYCsSlOTGo2pTuzKw6qyfC32DZ0aGeBtTXvbC88R4/hFsViuDKDT2HRl4xd/nANYy0F5nVeo0dpzPtxv9YKe4CzDKTe7KAX+w77NJUJP8EBpo9Nfo6Eo6b7yfHldLV6Xoa5PsLoqK6T9vJccb0d204l4kSc/JcbuRl84Ce0aD0JD6kDZHEUGSxpsSLPgx9aySF2trqJQ0ivOmJBDG1lws+sVLMR2Xff0g5uOqJ68Ufxhjvt7FoJH7mewjrdHNB4/tTziY7SPriBvJ1v5Qd0SfoS9vjfhNglSvD4l/s1wubFSTBREerH6dF0TWKwRMwknfjW49H8WTdpIUJhckqnenFBZFTx9YGWygvjCTvaUPZvP8vNrKFSzJVJstA89eZ8a4VO5Xzb755V4H6jcIR2Re88Fxt/3k9xYRP8p8VYJw5JwcLpnqoezr4jWQuWjJ86UrkS3vF+nu77o7ho/SNTG+9NFy52kfIWvxXVCaJo6eJL7i2Qr/3Ox/BTzxjwhJzMcLrOsUgLPoTFkqLro9Kd7Ni1NMJTrrrovIPXEVH8iK07BnJ+8qggx2hWrgr5nqtIvK77H0OWp7SX23+rN4Q==",
            "region": "us-east-1",
            "tags": {},
            "tags_all": {}
          },
          "sensitive_attributes": [],
          "identity_schema_version": 0,
          "private": "eyJzY2hlbWFfdmVyc2lvbiI6IjEifQ==",
          "dependencies": [
            "tls_private_key.langflow_key"
          ]
        }
      ]
    },
    {
      "mode": "managed",
      "type": "aws_route_table",
      "name": "rt",
      "provider": "provider[\"registry.terraform.io/hashicorp/aws\"]",
      "instances": [
        {
          "schema_version": 0,
          "attributes": {
            "arn": "arn:aws:ec2:us-east-1:591098699538:route-table/rtb-0db3c5d88e1cdbeb0",
            "id": "rtb-0db3c5d88e1cdbeb0",
            "owner_id": "591098699538",
            "propagating_vgws": [],
            "region": "us-east-1",
            "route": [
              {
                "carrier_gateway_id": "",
                "cidr_block": "0.0.0.0/0",
                "core_network_arn": "",
                "destination_prefix_list_id": "",
                "egress_only_gateway_id": "",
                "gateway_id": "igw-08c028bfffbc30ad3",
                "ipv6_cidr_block": "",
                "local_gateway_id": "",
                "nat_gateway_id": "",
                "network_interface_id": "",
                "transit_gateway_id": "",
                "vpc_endpoint_id": "",
                "vpc_peering_connection_id": ""
              }
            ],
            "tags": null,
            "tags_all": {},
            "timeouts": null,
            "vpc_id": "vpc-07a9bf9507c57b1c2"
          },
          "sensitive_attributes": [],
          "identity_schema_version": 0,
          "private": "eyJlMmJmYjczMC1lY2FhLTExZTYtOGY4OC0zNDM2M2JjN2M0YzAiOnsiY3JlYXRlIjozMDAwMDAwMDAwMDAsImRlbGV0ZSI6MzAwMDAwMDAwMDAwLCJ1cGRhdGUiOjEyMDAwMDAwMDAwMH19",
          "dependencies": [
            "aws_internet_gateway.igw",
            "aws_vpc.main"
          ]
        }
      ]
    },
    {
      "mode": "managed",
      "type": "aws_route_table_association",
      "name": "rta",
      "provider": "provider[\"registry.terraform.io/hashicorp/aws\"]",
      "instances": [
        {
          "schema_version": 0,
          "attributes": {
            "gateway_id": "",
            "id": "rtbassoc-0a71c0f174381fe27",
            "region": "us-east-1",
            "route_table_id": "rtb-0db3c5d88e1cdbeb0",
            "subnet_id": "subnet-02fd920a528e517f9",
            "timeouts": null
          },
          "sensitive_attributes": [],
          "identity_schema_version": 0,
          "private": "eyJlMmJmYjczMC1lY2FhLTExZTYtOGY4OC0zNDM2M2JjN2M0YzAiOnsiY3JlYXRlIjozMDAwMDAwMDAwMDAsImRlbGV0ZSI6MzAwMDAwMDAwMDAwLCJ1cGRhdGUiOjEyMDAwMDAwMDAwMH19",
          "dependencies": [
            "aws_internet_gateway.igw",
            "aws_route_table.rt",
            "aws_subnet.public",
            "aws_vpc.main"
          ]
        }
      ]
    },
    {
      "mode": "managed",
      "type": "aws_security_group",
      "name": "ecs_sg",
      "provider": "provider[\"registry.terraform.io/hashicorp/aws\"]",
      "instances": [
        {
          "schema_version": 1,
          "attributes": {
            "arn": "arn:aws:ec2:us-east-1:591098699538:security-group/sg-03f3ef52f96a2db40",
            "description": "Allow HTTP",
            "egress": [
              {
                "cidr_blocks": [
                  "0.0.0.0/0"
                ],
                "description": "",
                "from_port": 0,
                "ipv6_cidr_blocks": [],
                "prefix_list_ids": [],
                "protocol": "-1",
                "security_groups": [],
                "self": false,
                "to_port": 0
              }
            ],
            "id": "sg-03f3ef52f96a2db40",
            "ingress": [
              {
                "cidr_blocks": [
                  "0.0.0.0/0"
                ],
                "description": "",
                "from_port": 80,
                "ipv6_cidr_blocks": [],
                "prefix_list_ids": [],
                "protocol": "tcp",
                "security_groups": [],
                "self": false,
                "to_port": 80
              }
            ],
            "name": "ecs-sg",
            "name_prefix": "",
            "owner_id": "591098699538",
            "region": "us-east-1",
            "revoke_rules_on_delete": false,
            "tags": null,
            "tags_all": {},
            "timeouts": null,
            "vpc_id": "vpc-07a9bf9507c57b1c2"
          },
          "sensitive_attributes": [],
          "identity_schema_version": 0,
          "private": "eyJlMmJmYjczMC1lY2FhLTExZTYtOGY4OC0zNDM2M2JjN2M0YzAiOnsiY3JlYXRlIjo2MDAwMDAwMDAwMDAsImRlbGV0ZSI6OTAwMDAwMDAwMDAwfSwic2NoZW1hX3ZlcnNpb24iOiIxIn0=",
          "dependencies": [
            "aws_vpc.main"
          ]
        }
      ]
    },
    {
      "mode": "managed",
      "type": "aws_security_group",
      "name": "langflow_sg",
      "provider": "provider[\"registry.terraform.io/hashicorp/aws\"]",
      "instances": [
        {
          "schema_version": 1,
          "attributes": {
            "arn": "arn:aws:ec2:us-east-1:591098699538:security-group/sg-0d3bb17d85e045a5c",
            "description": "Allow inbound HTTP and SSH",
            "egress": [
              {
                "cidr_blocks": [
                  "0.0.0.0/0"
                ],
                "description": "",
                "from_port": 0,
                "ipv6_cidr_blocks": [],
                "prefix_list_ids": [],
                "protocol": "-1",
                "security_groups": [],
                "self": false,
                "to_port": 0
              }
            ],
            "id": "sg-0d3bb17d85e045a5c",
            "ingress": [
              {
                "cidr_blocks": [
                  "0.0.0.0/0"
                ],
                "description": "",
                "from_port": 22,
                "ipv6_cidr_blocks": [],
                "prefix_list_ids": [],
                "protocol": "tcp",
                "security_groups": [],
                "self": false,
                "to_port": 22
              },
              {
                "cidr_blocks": [
                  "0.0.0.0/0"
                ],
                "description": "",
                "from_port": 7860,
                "ipv6_cidr_blocks": [],
                "prefix_list_ids": [],
                "protocol": "tcp",
                "security_groups": [],
                "self": false,
                "to_port": 7860
              }
            ],
            "name": "langflow_sg",
            "name_prefix": "",
            "owner_id": "591098699538",
            "region": "us-east-1",
            "revoke_rules_on_delete": false,
            "tags": {},
            "tags_all": {},
            "timeouts": null,
            "vpc_id": "vpc-07a9bf9507c57b1c2"
          },
          "sensitive_attributes": [],
          "identity_schema_version": 0,
          "private": "eyJlMmJmYjczMC1lY2FhLTExZTYtOGY4OC0zNDM2M2JjN2M0YzAiOnsiY3JlYXRlIjo2MDAwMDAwMDAwMDAsImRlbGV0ZSI6OTAwMDAwMDAwMDAwfSwic2NoZW1hX3ZlcnNpb24iOiIxIn0=",
          "dependencies": [
            "aws_vpc.main"
          ]
        }
      ]
    },
    {
      "mode": "managed",
      "type": "aws_subnet",
      "name": "public",
      "provider": "provider[\"registry.terraform.io/hashicorp/aws\"]",
      "instances": [
        {
          "schema_version": 1,
          "attributes": {
            "arn": "arn:aws:ec2:us-east-1:591098699538:subnet/subnet-02fd920a528e517f9",
            "assign_ipv6_address_on_creation": false,
            "availability_zone": "us-east-1a",
            "availability_zone_id": "use1-az1",
            "cidr_block": "10.0.1.0/24",
            "customer_owned_ipv4_pool": "",
            "enable_dns64": false,
            "enable_lni_at_device_index": 0,
            "enable_resource_name_dns_a_record_on_launch": false,
            "enable_resource_name_dns_aaaa_record_on_launch": false,
            "id": "subnet-02fd920a528e517f9",
            "ipv6_cidr_block": "",
            "ipv6_cidr_block_association_id": "",
            "ipv6_native": false,
            "map_customer_owned_ip_on_launch": false,
            "map_public_ip_on_launch": true,
            "outpost_arn": "",
            "owner_id": "591098699538",
            "private_dns_hostname_type_on_launch": "ip-name",
            "region": "us-east-1",
            "tags": null,
            "tags_all": {},
            "timeouts": null,
            "vpc_id": "vpc-07a9bf9507c57b1c2"
          },
          "sensitive_attributes": [],
          "identity_schema_version": 0,
          "private": "eyJlMmJmYjczMC1lY2FhLTExZTYtOGY4OC0zNDM2M2JjN2M0YzAiOnsiY3JlYXRlIjo2MDAwMDAwMDAwMDAsImRlbGV0ZSI6MTIwMDAwMDAwMDAwMH0sInNjaGVtYV92ZXJzaW9uIjoiMSJ9",
          "dependencies": [
            "aws_vpc.main"
          ]
        }
      ]
    },
    {
      "mode": "managed",
      "type": "aws_vpc",
      "name": "main",
      "provider": "provider[\"registry.terraform.io/hashicorp/aws\"]",
      "instances": [
        {
          "schema_version": 1,
          "attributes": {
            "arn": "arn:aws:ec2:us-east-1:591098699538:vpc/vpc-07a9bf9507c57b1c2",
            "assign_generated_ipv6_cidr_block": false,
            "cidr_block": "10.0.0.0/16",
            "default_network_acl_id": "acl-0553636d687e7158f",
            "default_route_table_id": "rtb-0d2aa7741b233e518",
            "default_security_group_id": "sg-0eb3142ea6e1e0d5d",
            "dhcp_options_id": "dopt-04354748d09d08bcc",
            "enable_dns_hostnames": true,
            "enable_dns_support": true,
            "enable_network_address_usage_metrics": false,
            "id": "vpc-07a9bf9507c57b1c2",
            "instance_tenancy": "default",
            "ipv4_ipam_pool_id": null,
            "ipv4_netmask_length": null,
            "ipv6_association_id": "",
            "ipv6_cidr_block": "",
            "ipv6_cidr_block_network_border_group": "",
            "ipv6_ipam_pool_id": "",
            "ipv6_netmask_length": 0,
            "main_route_table_id": "rtb-0d2aa7741b233e518",
            "owner_id": "591098699538",
            "region": "us-east-1",
            "tags": {},
            "tags_all": {}
          },
          "sensitive_attributes": [],
          "identity_schema_version": 0,
          "private": "eyJzY2hlbWFfdmVyc2lvbiI6IjEifQ=="
        }
      ]
    },
    {
      "mode": "managed",
      "type": "tls_private_key",
      "name": "langflow_key",
      "provider": "provider[\"registry.terraform.io/hashicorp/tls\"]",
      "instances": [
        {
          "schema_version": 1,
          "attributes": {
            "algorithm": "RSA",
            "ecdsa_curve": "P224",
            "id": "3d1e780252bb250c903ce62d8027abab59f32180",
            "private_key_openssh": "-----BEGIN OPENSSH PRIVATE KEY-----\nb3BlbnNzaC1rZXktdjEAAAAABG5vbmUAAAAEbm9uZQAAAAAAAAABAAACFwAAAAdz\nc2gtcnNhAAAAAwEAAQAAAgEAsjnUAqrBRGTtH06txadpjYmZgXPPToouy0RX53dj\nBReocTxhhFoolUgRexruhcWddyA3L4TML9XExrRuqOWktl5p9ZmArEpTkxqNqU7s\nysOqsnwt9g2dGhngbU172wvPEeP4RbFYrgyg09h0ZeMXf5wDWMtBeZ1XqNHacz7c\nb/WCnuAswyk3uygF/sO+zSVCT/BAaaPTX6OhKOm+8nx5XS1el6GuT7C6Kiuk/byX\nHG9HdtOJeJEnPyXG7kZfOAntGg9CQ+pA2RxFBksabEiz4MfWskhdra6iUNIrzpiQ\nQxtZcLPrFSzEdl339IObjqievFH8YY77exaCR+5nsI63RzQeP7U84mO0j64gbydb\n+UHdEn6Evb434TYJUrw+Jf7NcLmxUkwURHqx+nRdE1isETMJJ341uPR/Fk3aSFCY\nXJKp3pxQWRU8fWBlsoL4wk72lD2bz/LzayhUsyVSbLQPPXmfGuFTuV82++eVeB+o\n3CEdkXvPBcbf95PcWET/KfFWCcOScHC6Z6qHs6+I1kLloyfOlK5Et7xfp7u+6O4a\nP0jUxvvTRcudpHyFr8V1QmiaOniS+4tkK/9zsfwU88Y8ISczHC6zrFICz6ExZKi6\n6PSnezYtTTCU6666LyD1xFR/IitOwZyfvKoIMdoVq4K+Z6rSLyu+x9Dlqe0l9t/q\nzeEAAAc4b9kZ+G/ZGfgAAAAHc3NoLXJzYQAAAgEAsjnUAqrBRGTtH06txadpjYmZ\ngXPPToouy0RX53djBReocTxhhFoolUgRexruhcWddyA3L4TML9XExrRuqOWktl5p\n9ZmArEpTkxqNqU7sysOqsnwt9g2dGhngbU172wvPEeP4RbFYrgyg09h0ZeMXf5wD\nWMtBeZ1XqNHacz7cb/WCnuAswyk3uygF/sO+zSVCT/BAaaPTX6OhKOm+8nx5XS1e\nl6GuT7C6Kiuk/byXHG9HdtOJeJEnPyXG7kZfOAntGg9CQ+pA2RxFBksabEiz4MfW\nskhdra6iUNIrzpiQQxtZcLPrFSzEdl339IObjqievFH8YY77exaCR+5nsI63RzQe\nP7U84mO0j64gbydb+UHdEn6Evb434TYJUrw+Jf7NcLmxUkwURHqx+nRdE1isETMJ\nJ341uPR/Fk3aSFCYXJKp3pxQWRU8fWBlsoL4wk72lD2bz/LzayhUsyVSbLQPPXmf\nGuFTuV82++eVeB+o3CEdkXvPBcbf95PcWET/KfFWCcOScHC6Z6qHs6+I1kLloyfO\nlK5Et7xfp7u+6O4aP0jUxvvTRcudpHyFr8V1QmiaOniS+4tkK/9zsfwU88Y8IScz\nHC6zrFICz6ExZKi66PSnezYtTTCU6666LyD1xFR/IitOwZyfvKoIMdoVq4K+Z6rS\nLyu+x9Dlqe0l9t/qzeEAAAADAQABAAACAAIYLYvQejqgXaxXWNxwm2Fx7gS4RIXo\nQs+EYJdpmZd25TWwyiFA4VGLyhoibA4qDy/WCD/94AZp4ojxQuGnko11bj+tdkvQ\nCHZl7VHsNFqCUnsMJuAe3dXvhZR963LctdTAfeuXv3KK1x2rjAah1LtdAn8PIxhX\nnIRGibopUXQxXupuDlNGzzmwU+MKutnJ/SMCWvIYM5o1SpC4BSnwA4nFnY3Ln8hI\n9o8bTzI6KU5zZ6ls/U8WPu9TitMZrvHHer//0OgKad5YojOw5evC2PZPHZCfysCz\n7i1j+DwnzSjfZT2D/RhqcRlGVm0gWiTNiiatZ061hvK124HBOqUNBaNYCQ4GlrX1\nuLPyufulzIbO9YZT/+UIx4ozXzzXeDEPFjSkENzIJywNC1Sd1gEwS42TekG4mFEp\nCojwaXHj34d2yFufiUZE3ea/pn7YharaTz9jeFRAwPdcYeqPuKsXmNc7r+/cRhLf\nLoVzdkNvJzBVJgr5Zu4xvZ9R24/SY7sHlVic0WxO2t9uX8Y341HORq7GttJnCyzi\nQbK05W0Avm+Nu80E4Cw0OLHrCsqYIcIOmW81RLyWY+4DSbvo9/7tJhjYdeUI3lOc\nPlL2jjBm8XWgR6o7iiJdPEJHHRMT/dVpuBV6QVoK5/bHL0iM0o+HXuHUAMFybpsI\nR/gmjbfhVjX/AAABAQDigl+pDZqu6mX4HTfRqx2pGSdNxxKx60zajcWHRjWmBlbI\nWB6KegbOlG4IwHNPUKlgEHg791Z0ckubnnIeA6EVDS7+2RjT5Fjk4sMJVZB0gye7\n3yxc/ss+hwVs6aK8HVKFihKJyZ9qSKIFj8sGxea+eJz4sWp37K2kPcnijLZQvc5T\nyoTSyJCwJ07pbM951yfRCbAUiANPegxjdKK1xwC+nhscyamEkTbtGVoGu3JIeTc1\nwSOlxXczbIwh8YpkDkVDELtwRNuhASVJOJ8TQUNtfxJLaUEw2MrYg9AlH0uKJVQI\ngce74+Qm4tADufFyPcnhc5FmDPLjbQFsnwp1LvAgAAABAQDpTDiR+tfVy3IFtfXu\nTqlmKb8yvfZeIWzwlHoSSlIuqp1UWeEHiDcjLrPOiAfBDR982+/a0zFDldE9tSfC\nweQVzD55EZRGS1glUqfXP/2EOq7TgEehGektaqV/OyAWh3fN8UqHMRyB89riJuFO\naN4iwVWjX8xjbOVJbjpPomyHVTcBKUgHMclz387ZO7g7yhEzoBPL1YDKEtAaoWoe\nH8L77s1t9fU9p6s3CNI/f65MX8onDBu8PIk0vXPDBDB7i/YcMJrIGlCEuPLPnmam\nZ5mh7++vzUf24JMDHIpPW59E0Mk8c+GEteEQG/VpMvVRXTIV/B6FX5LowTa3tUXf\neQzPAAABAQDDkbBj4r0Ek76dvypZ9OaMiPXUUSeoIzPfCy8vHweE0N63xkqmOzZS\nH4D7t1fVMy4WLwjuN3SR7vuCsaFOmUDRkzNCBppvtZu2bDxbqlnhBskWqMgq4vFi\nB+6ihkVFFHzBgU/6NJ/hus18FNJJ3mInc9kymctPA0FxMY+1lI3G8va24DlwLUfD\nlCQawxvV3JBTfb2zwysrR163ggXuItP/HFkrhcHhl4bnZ9LbUsCy3JnbGgHWaArC\nYBY2cAdwryw+Hm2lhfnVLVGVv2/BVSufLpgIVKPgeILCxDGCzF5Fa1wWvml0ClDj\nMhJpwfb6O043hBc8Q8u9wuoksqN3TQZPAAAAAAEC\n-----END OPENSSH PRIVATE KEY-----\n",
            "private_key_pem": "-----BEGIN RSA PRIVATE KEY-----\nMIIJKQIBAAKCAgEAsjnUAqrBRGTtH06txadpjYmZgXPPToouy0RX53djBReocTxh\nhFoolUgRexruhcWddyA3L4TML9XExrRuqOWktl5p9ZmArEpTkxqNqU7sysOqsnwt\n9g2dGhngbU172wvPEeP4RbFYrgyg09h0ZeMXf5wDWMtBeZ1XqNHacz7cb/WCnuAs\nwyk3uygF/sO+zSVCT/BAaaPTX6OhKOm+8nx5XS1el6GuT7C6Kiuk/byXHG9HdtOJ\neJEnPyXG7kZfOAntGg9CQ+pA2RxFBksabEiz4MfWskhdra6iUNIrzpiQQxtZcLPr\nFSzEdl339IObjqievFH8YY77exaCR+5nsI63RzQeP7U84mO0j64gbydb+UHdEn6E\nvb434TYJUrw+Jf7NcLmxUkwURHqx+nRdE1isETMJJ341uPR/Fk3aSFCYXJKp3pxQ\nWRU8fWBlsoL4wk72lD2bz/LzayhUsyVSbLQPPXmfGuFTuV82++eVeB+o3CEdkXvP\nBcbf95PcWET/KfFWCcOScHC6Z6qHs6+I1kLloyfOlK5Et7xfp7u+6O4aP0jUxvvT\nRcudpHyFr8V1QmiaOniS+4tkK/9zsfwU88Y8ISczHC6zrFICz6ExZKi66PSnezYt\nTTCU6666LyD1xFR/IitOwZyfvKoIMdoVq4K+Z6rSLyu+x9Dlqe0l9t/qzeECAwEA\nAQKCAgACGC2L0Ho6oF2sV1jccJthce4EuESF6ELPhGCXaZmXduU1sMohQOFRi8oa\nImwOKg8v1gg//eAGaeKI8ULhp5KNdW4/rXZL0Ah2Ze1R7DRaglJ7DCbgHt3V74WU\nfety3LXUwH3rl79yitcdq4wGodS7XQJ/DyMYV5yERom6KVF0MV7qbg5TRs85sFPj\nCrrZyf0jAlryGDOaNUqQuAUp8AOJxZ2Ny5/ISPaPG08yOilOc2epbP1PFj7vU4rT\nGa7xx3q//9DoCmneWKIzsOXrwtj2Tx2Qn8rAs+4tY/g8J80o32U9g/0YanEZRlZt\nIFokzYomrWdOtYbytduBwTqlDQWjWAkOBpa19biz8rn7pcyGzvWGU//lCMeKM188\n13gxDxY0pBDcyCcsDQtUndYBMEuNk3pBuJhRKQqI8Glx49+Hdshbn4lGRN3mv6Z+\n2IWq2k8/Y3hUQMD3XGHqj7irF5jXO6/v3EYS3y6Fc3ZDbycwVSYK+WbuMb2fUduP\n0mO7B5VYnNFsTtrfbl/GN+NRzkauxrbSZwss4kGytOVtAL5vjbvNBOAsNDix6wrK\nmCHCDplvNUS8lmPuA0m76Pf+7SYY2HXlCN5TnD5S9o4wZvF1oEeqO4oiXTxCRx0T\nE/3VabgVekFaCuf2xy9IjNKPh17h1ADBcm6bCEf4Jo234VY1/wKCAQEA6Uw4kfrX\n1ctyBbX17k6pZim/Mr32XiFs8JR6EkpSLqqdVFnhB4g3Iy6zzogHwQ0ffNvv2tMx\nQ5XRPbUnwsHkFcw+eRGURktYJVKn1z/9hDqu04BHoRnpLWqlfzsgFod3zfFKhzEc\ngfPa4ibhTmjeIsFVo1/MY2zlSW46T6Jsh1U3ASlIBzHJc9/O2Tu4O8oRM6ATy9WA\nyhLQGqFqHh/C++7NbfX1PaerNwjSP3+uTF/KJwwbvDyJNL1zwwQwe4v2HDCayBpQ\nhLjyz55mpmeZoe/vr81H9uCTAxyKT1ufRNDJPHPhhLXhEBv1aTL1UV0yFfwehV+S\n6ME2t7VF33kMzwKCAQEAw5GwY+K9BJO+nb8qWfTmjIj11FEnqCMz3wsvLx8HhNDe\nt8ZKpjs2Uh+A+7dX1TMuFi8I7jd0ke77grGhTplA0ZMzQgaab7Wbtmw8W6pZ4QbJ\nFqjIKuLxYgfuooZFRRR8wYFP+jSf4brNfBTSSd5iJ3PZMpnLTwNBcTGPtZSNxvL2\ntuA5cC1Hw5QkGsMb1dyQU329s8MrK0det4IF7iLT/xxZK4XB4ZeG52fS21LAstyZ\n2xoB1mgKwmAWNnAHcK8sPh5tpYX51S1Rlb9vwVUrny6YCFSj4HiCwsQxgsxeRWtc\nFr5pdApQ4zISacH2+jtON4QXPEPLvcLqJLKjd00GTwKCAQEA11avcK8kwgZDfNnz\n4r9gxRgLj36gBUq9D2M9Ody39rMs/Uro1tb4bdURyrTs01iVk94+irEda9DBjj/E\nL5RgP26Cy6VaQ3gQKIMewSQjkQXJkRd7BkywWmdx0vp0J9dq0gDCVf8S3TCE/PH+\nTS2mvFXQAjjOo4dELH89+3tkyZXya3P7NAjUdcxDVWg2KZnePtSm8SJk+iBbTfln\nxd5zT6+glrrMXtiAxQ+zYUEtVPml0lzuzNTjoHauf3dCeQc7Z9HFTKZdY+SC2vjO\nrxI5UKvzhUXqAwpPKDQTxiQ/4nkFBnO/2Ys37nKgFzYeEbgAHyLT2S/anlSZeQAt\nOpS1KQKCAQBnKRCMf+wI4A5qk445iW+brhtOdcifboJMI1AuYQXMT4lME3MJIK7U\nvv2AygOw2KB03zaswd/hothU5nIaTcjdQ/KD34vTZU7P+WQVTlS+2J92Lm34AWIm\nvdxpKr6bY+UzBY00hFHZ9nmx/CG5CW9pNDjb8jhGY4c/uE8AD26CBWOSr9BcleYH\nCrvIyiaCtygCgo9wpYC+AZW64wFRzllZdpCq3pGY+B8XLbMSMiKntqoJ4zwY5yTV\nx22wJYQnMp/53H8mEvfoNVGV1jeTGeQ6wY88xbj0DV2cc3VSc48+uxUGgkaKCW8F\niUIhO0mWUXY+3pSLG4/7dzefSAPmSGENAoIBAQDigl+pDZqu6mX4HTfRqx2pGSdN\nxxKx60zajcWHRjWmBlbIWB6KegbOlG4IwHNPUKlgEHg791Z0ckubnnIeA6EVDS7+\n2RjT5Fjk4sMJVZB0gye73yxc/ss+hwVs6aK8HVKFihKJyZ9qSKIFj8sGxea+eJz4\nsWp37K2kPcnijLZQvc5TyoTSyJCwJ07pbM951yfRCbAUiANPegxjdKK1xwC+nhsc\nyamEkTbtGVoGu3JIeTc1wSOlxXczbIwh8YpkDkVDELtwRNuhASVJOJ8TQUNtfxJL\naUEw2MrYg9AlH0uKJVQIgce74+Qm4tADufFyPcnhc5FmDPLjbQFsnwp1LvAg\n-----END RSA PRIVATE KEY-----\n",
            "private_key_pem_pkcs8": "-----BEGIN PRIVATE KEY-----\nMIIJQwIBADANBgkqhkiG9w0BAQEFAASCCS0wggkpAgEAAoICAQCyOdQCqsFEZO0f\nTq3Fp2mNiZmBc89Oii7LRFfnd2MFF6hxPGGEWiiVSBF7Gu6FxZ13IDcvhMwv1cTG\ntG6o5aS2Xmn1mYCsSlOTGo2pTuzKw6qyfC32DZ0aGeBtTXvbC88R4/hFsViuDKDT\n2HRl4xd/nANYy0F5nVeo0dpzPtxv9YKe4CzDKTe7KAX+w77NJUJP8EBpo9Nfo6Eo\n6b7yfHldLV6Xoa5PsLoqK6T9vJccb0d204l4kSc/JcbuRl84Ce0aD0JD6kDZHEUG\nSxpsSLPgx9aySF2trqJQ0ivOmJBDG1lws+sVLMR2Xff0g5uOqJ68Ufxhjvt7FoJH\n7mewjrdHNB4/tTziY7SPriBvJ1v5Qd0SfoS9vjfhNglSvD4l/s1wubFSTBREerH6\ndF0TWKwRMwknfjW49H8WTdpIUJhckqnenFBZFTx9YGWygvjCTvaUPZvP8vNrKFSz\nJVJstA89eZ8a4VO5Xzb755V4H6jcIR2Re88Fxt/3k9xYRP8p8VYJw5JwcLpnqoez\nr4jWQuWjJ86UrkS3vF+nu77o7ho/SNTG+9NFy52kfIWvxXVCaJo6eJL7i2Qr/3Ox\n/BTzxjwhJzMcLrOsUgLPoTFkqLro9Kd7Ni1NMJTrrrovIPXEVH8iK07BnJ+8qggx\n2hWrgr5nqtIvK77H0OWp7SX23+rN4QIDAQABAoICAAIYLYvQejqgXaxXWNxwm2Fx\n7gS4RIXoQs+EYJdpmZd25TWwyiFA4VGLyhoibA4qDy/WCD/94AZp4ojxQuGnko11\nbj+tdkvQCHZl7VHsNFqCUnsMJuAe3dXvhZR963LctdTAfeuXv3KK1x2rjAah1Ltd\nAn8PIxhXnIRGibopUXQxXupuDlNGzzmwU+MKutnJ/SMCWvIYM5o1SpC4BSnwA4nF\nnY3Ln8hI9o8bTzI6KU5zZ6ls/U8WPu9TitMZrvHHer//0OgKad5YojOw5evC2PZP\nHZCfysCz7i1j+DwnzSjfZT2D/RhqcRlGVm0gWiTNiiatZ061hvK124HBOqUNBaNY\nCQ4GlrX1uLPyufulzIbO9YZT/+UIx4ozXzzXeDEPFjSkENzIJywNC1Sd1gEwS42T\nekG4mFEpCojwaXHj34d2yFufiUZE3ea/pn7YharaTz9jeFRAwPdcYeqPuKsXmNc7\nr+/cRhLfLoVzdkNvJzBVJgr5Zu4xvZ9R24/SY7sHlVic0WxO2t9uX8Y341HORq7G\nttJnCyziQbK05W0Avm+Nu80E4Cw0OLHrCsqYIcIOmW81RLyWY+4DSbvo9/7tJhjY\ndeUI3lOcPlL2jjBm8XWgR6o7iiJdPEJHHRMT/dVpuBV6QVoK5/bHL0iM0o+HXuHU\nAMFybpsIR/gmjbfhVjX/AoIBAQDpTDiR+tfVy3IFtfXuTqlmKb8yvfZeIWzwlHoS\nSlIuqp1UWeEHiDcjLrPOiAfBDR982+/a0zFDldE9tSfCweQVzD55EZRGS1glUqfX\nP/2EOq7TgEehGektaqV/OyAWh3fN8UqHMRyB89riJuFOaN4iwVWjX8xjbOVJbjpP\nomyHVTcBKUgHMclz387ZO7g7yhEzoBPL1YDKEtAaoWoeH8L77s1t9fU9p6s3CNI/\nf65MX8onDBu8PIk0vXPDBDB7i/YcMJrIGlCEuPLPnmamZ5mh7++vzUf24JMDHIpP\nW59E0Mk8c+GEteEQG/VpMvVRXTIV/B6FX5LowTa3tUXfeQzPAoIBAQDDkbBj4r0E\nk76dvypZ9OaMiPXUUSeoIzPfCy8vHweE0N63xkqmOzZSH4D7t1fVMy4WLwjuN3SR\n7vuCsaFOmUDRkzNCBppvtZu2bDxbqlnhBskWqMgq4vFiB+6ihkVFFHzBgU/6NJ/h\nus18FNJJ3mInc9kymctPA0FxMY+1lI3G8va24DlwLUfDlCQawxvV3JBTfb2zwysr\nR163ggXuItP/HFkrhcHhl4bnZ9LbUsCy3JnbGgHWaArCYBY2cAdwryw+Hm2lhfnV\nLVGVv2/BVSufLpgIVKPgeILCxDGCzF5Fa1wWvml0ClDjMhJpwfb6O043hBc8Q8u9\nwuoksqN3TQZPAoIBAQDXVq9wryTCBkN82fPiv2DFGAuPfqAFSr0PYz053Lf2syz9\nSujW1vht1RHKtOzTWJWT3j6KsR1r0MGOP8QvlGA/boLLpVpDeBAogx7BJCORBcmR\nF3sGTLBaZ3HS+nQn12rSAMJV/xLdMIT88f5NLaa8VdACOM6jh0Qsfz37e2TJlfJr\nc/s0CNR1zENVaDYpmd4+1KbxImT6IFtN+WfF3nNPr6CWusxe2IDFD7NhQS1U+aXS\nXO7M1OOgdq5/d0J5Bztn0cVMpl1j5ILa+M6vEjlQq/OFReoDCk8oNBPGJD/ieQUG\nc7/ZizfucqAXNh4RuAAfItPZL9qeVJl5AC06lLUpAoIBAGcpEIx/7AjgDmqTjjmJ\nb5uuG051yJ9ugkwjUC5hBcxPiUwTcwkgrtS+/YDKA7DYoHTfNqzB3+Gi2FTmchpN\nyN1D8oPfi9NlTs/5ZBVOVL7Yn3YubfgBYia93Gkqvptj5TMFjTSEUdn2ebH8IbkJ\nb2k0ONvyOEZjhz+4TwAPboIFY5Kv0FyV5gcKu8jKJoK3KAKCj3ClgL4BlbrjAVHO\nWVl2kKrekZj4HxctsxIyIqe2qgnjPBjnJNXHbbAlhCcyn/ncfyYS9+g1UZXWN5MZ\n5DrBjzzFuPQNXZxzdVJzjz67FQaCRooJbwWJQiE7SZZRdj7elIsbj/t3N59IA+ZI\nYQ0CggEBAOKCX6kNmq7qZfgdN9GrHakZJ03HErHrTNqNxYdGNaYGVshYHop6Bs6U\nbgjAc09QqWAQeDv3VnRyS5uech4DoRUNLv7ZGNPkWOTiwwlVkHSDJ7vfLFz+yz6H\nBWzporwdUoWKEonJn2pIogWPywbF5r54nPixanfsraQ9yeKMtlC9zlPKhNLIkLAn\nTulsz3nXJ9EJsBSIA096DGN0orXHAL6eGxzJqYSRNu0ZWga7ckh5NzXBI6XFdzNs\njCHximQORUMQu3BE26EBJUk4nxNBQ21/EktpQTDYytiD0CUfS4olVAiBx7vj5Cbi\n0AO58XI9yeFzkWYM8uNtAWyfCnUu8CA=\n-----END PRIVATE KEY-----\n",
            "public_key_fingerprint_md5": "99:ea:6a:18:dc:03:1a:b5:65:df:0b:d9:4a:1e:90:3c",
            "public_key_fingerprint_sha256": "SHA256:bcfuDt+f2wRRCBKWzNBCcjaVs1IepNNEqN4IUPiosQ0",
            "public_key_openssh": "ssh-rsa AAAAB3NzaC1yc2EAAAADAQABAAACAQCyOdQCqsFEZO0fTq3Fp2mNiZmBc89Oii7LRFfnd2MFF6hxPGGEWiiVSBF7Gu6FxZ13IDcvhMwv1cTGtG6o5aS2Xmn1mYCsSlOTGo2pTuzKw6qyfC32DZ0aGeBtTXvbC88R4/hFsViuDKDT2HRl4xd/nANYy0F5nVeo0dpzPtxv9YKe4CzDKTe7KAX+w77NJUJP8EBpo9Nfo6Eo6b7yfHldLV6Xoa5PsLoqK6T9vJccb0d204l4kSc/JcbuRl84Ce0aD0JD6kDZHEUGSxpsSLPgx9aySF2trqJQ0ivOmJBDG1lws+sVLMR2Xff0g5uOqJ68Ufxhjvt7FoJH7mewjrdHNB4/tTziY7SPriBvJ1v5Qd0SfoS9vjfhNglSvD4l/s1wubFSTBREerH6dF0TWKwRMwknfjW49H8WTdpIUJhckqnenFBZFTx9YGWygvjCTvaUPZvP8vNrKFSzJVJstA89eZ8a4VO5Xzb755V4H6jcIR2Re88Fxt/3k9xYRP8p8VYJw5JwcLpnqoezr4jWQuWjJ86UrkS3vF+nu77o7ho/SNTG+9NFy52kfIWvxXVCaJo6eJL7i2Qr/3Ox/BTzxjwhJzMcLrOsUgLPoTFkqLro9Kd7Ni1NMJTrrrovIPXEVH8iK07BnJ+8qggx2hWrgr5nqtIvK77H0OWp7SX23+rN4Q==\n",
            "public_key_pem": "-----BEGIN PUBLIC KEY-----\nMIICIjANBgkqhkiG9w0BAQEFAAOCAg8AMIICCgKCAgEAsjnUAqrBRGTtH06txadp\njYmZgXPPToouy0RX53djBReocTxhhFoolUgRexruhcWddyA3L4TML9XExrRuqOWk\ntl5p9ZmArEpTkxqNqU7sysOqsnwt9g2dGhngbU172wvPEeP4RbFYrgyg09h0ZeMX\nf5wDWMtBeZ1XqNHacz7cb/WCnuAswyk3uygF/sO+zSVCT/BAaaPTX6OhKOm+8nx5\nXS1el6GuT7C6Kiuk/byXHG9HdtOJeJEnPyXG7kZfOAntGg9CQ+pA2RxFBksabEiz\n4MfWskhdra6iUNIrzpiQQxtZcLPrFSzEdl339IObjqievFH8YY77exaCR+5nsI63\nRzQeP7U84mO0j64gbydb+UHdEn6Evb434TYJUrw+Jf7NcLmxUkwURHqx+nRdE1is\nETMJJ341uPR/Fk3aSFCYXJKp3pxQWRU8fWBlsoL4wk72lD2bz/LzayhUsyVSbLQP\nPXmfGuFTuV82++eVeB+o3CEdkXvPBcbf95PcWET/KfFWCcOScHC6Z6qHs6+I1kLl\noyfOlK5Et7xfp7u+6O4aP0jUxvvTRcudpHyFr8V1QmiaOniS+4tkK/9zsfwU88Y8\nISczHC6zrFICz6ExZKi66PSnezYtTTCU6666LyD1xFR/IitOwZyfvKoIMdoVq4K+\nZ6rSLyu+x9Dlqe0l9t/qzeECAwEAAQ==\n-----END PUBLIC KEY-----\n",
            "rsa_bits": 4096
          },
          "sensitive_attributes": [
            [
              {
                "type": "get_attr",
                "value": "private_key_openssh"
              }
            ],
            [
              {
                "type": "get_attr",
                "value": "private_key_pem"
              }
            ],
            [
              {
                "type": "get_attr",
                "value": "private_key_pem_pkcs8"
              }
            ]
          ],
          "identity_schema_version": 0
        }
      ]
    }
  ],
  "check_results": null
}
